
Microsoft Visual Studio Solution File, Format Version 12.00
# Visual Studio Version 17
VisualStudioVersion = 17.7.34221.43
MinimumVisualStudioVersion = 10.0.40219.1
Project("{FAE04EC0-301F-11D3-BF4B-00C04F79EFBC}") = "Markup.Mvc.Teste", "Markup.Mvc.Teste\Markup.Mvc.Teste.csproj", "{98F7EF6C-4FF5-4BF5-9AEE-F5AC2E3C141B}"
EndProject
Project("{FAE04EC0-301F-11D3-BF4B-00C04F79EFBC}") = "Markup.Models.Teste", "Markup.Models.Teste\Markup.Models.Teste.csproj", "{0B29BEC1-4675-4CC6-9ABD-308C121F8720}"
EndProject
Project("{FAE04EC0-301F-11D3-BF4B-00C04F79EFBC}") = "Markup.Business.Teste", "Markup.Business.Teste\Markup.Business.Teste.csproj", "{14EBAAEB-CFD6-4C1A-9483-77F370BB1D93}"
EndProject
Project("{FAE04EC0-301F-11D3-BF4B-00C04F79EFBC}") = "Markup.Data.Teste", "Markup.Repository.Teste\Markup.Data.Teste.csproj", "{3A9E099D-4857-4835-800D-69641E77B3F5}"
EndProject
Global
	GlobalSection(SolutionConfigurationPlatforms) = preSolution
		Debug|Any CPU = Debug|Any CPU
		Release|Any CPU = Release|Any CPU
	EndGlobalSection
	GlobalSection(ProjectConfigurationPlatforms) = postSolution
		{98F7EF6C-4FF5-4BF5-9AEE-F5AC2E3C141B}.Debug|Any CPU.ActiveCfg = Debug|Any CPU
		{98F7EF6C-4FF5-4BF5-9AEE-F5AC2E3C141B}.Debug|Any CPU.Build.0 = Debug|Any CPU
		{98F7EF6C-4FF5-4BF5-9AEE-F5AC2E3C141B}.Release|Any CPU.ActiveCfg = Release|Any CPU
		{98F7EF6C-4FF5-4BF5-9AEE-F5AC2E3C141B}.Release|Any CPU.Build.0 = Release|Any CPU
		{0B29BEC1-4675-4CC6-9ABD-308C121F8720}.Debug|Any CPU.ActiveCfg = Debug|Any CPU
		{0B29BEC1-4675-4CC6-9ABD-308C121F8720}.Debug|Any CPU.Build.0 = Debug|Any CPU
		{0B29BEC1-4675-4CC6-9ABD-308C121F8720}.Release|Any CPU.ActiveCfg = Release|Any CPU
		{0B29BEC1-4675-4CC6-9ABD-308C121F8720}.Release|Any CPU.Build.0 = Release|Any CPU
		{14EBAAEB-CFD6-4C1A-9483-77F370BB1D93}.Debug|Any CPU.ActiveCfg = Debug|Any CPU
		{14EBAAEB-CFD6-4C1A-9483-77F370BB1D93}.Debug|Any CPU.Build.0 = Debug|Any CPU
		{14EBAAEB-CFD6-4C1A-9483-77F370BB1D93}.Release|Any CPU.ActiveCfg = Release|Any CPU
		{14EBAAEB-CFD6-4C1A-9483-77F370BB1D93}.Release|Any CPU.Build.0 = Release|Any CPU
		{3A9E099D-4857-4835-800D-69641E77B3F5}.Debug|Any CPU.ActiveCfg = Debug|Any CPU
		{3A9E099D-4857-4835-800D-69641E77B3F5}.Debug|Any CPU.Build.0 = Debug|Any CPU
		{3A9E099D-4857-4835-800D-69641E77B3F5}.Release|Any CPU.ActiveCfg = Release|Any CPU
		{3A9E099D-4857-4835-800D-69641E77B3F5}.Release|Any CPU.Build.0 = Release|Any CPU
	EndGlobalSection
	GlobalSection(SolutionProperties) = preSolution
		HideSolutionNode = FALSE
	EndGlobalSection
	GlobalSection(ExtensibilityGlobals) = postSolution
		SolutionGuid = {A00ADF80-C288-4761-88FC-F04D7ADC2F86}
	EndGlobalSection
EndGlobal
